<?xml version="1.0" encoding="UTF-8" standalone="yes" ?>
<CodeBlocks_project_file>
	<FileVersion major="1" minor="6" />
	<Project>
		<Option title="lib3d" />
		<Option pch_mode="2" />
		<Option compiler="gcc" />
		<Build>
			<Target title="Debug">
				<Option output="bin/Debug/lib3d" prefix_auto="1" extension_auto="1" />
				<Option object_output="obj/Debug/" />
				<Option type="1" />
				<Option compiler="gcc" />
				<Compiler>
					<Add option="-g" />
					<Add option="`sdl2-config --cflags` `pkg-config libavcodec libavformat libavutil libswscale MagickWand --cflags`" />
					<Add option="-DDEBUG" />
				</Compiler>
				<Linker>
					<Add option="`pkg-config libavcodec libavformat libavutil libswscale MagickWand --libs` `sdl2-config --libs`" />
					<Add library="aa" />
					<Add library="caca" />
					<Add library="vga" />
					<Add library="vgagl" />
				</Linker>
			</Target>
			<Target title="Release">
				<Option output="bin/Release/lib3d" prefix_auto="1" extension_auto="1" />
				<Option object_output="obj/Release/" />
				<Option type="1" />
				<Option compiler="gcc" />
				<Compiler>
					<Add option="-O3" />
					<Add option="`sdl2-config --cflags` `pkg-config libavcodec libavformat libavutil libswscale MagickWand --cflags`" />
				</Compiler>
				<Linker>
					<Add option="-s" />
					<Add option="`pkg-config libavcodec libavformat libavutil libswscale MagickWand --libs` `sdl2-config --libs`" />
					<Add library="aa" />
					<Add library="caca" />
					<Add library="vga" />
					<Add library="vgagl" />
				</Linker>
			</Target>
			<Target title="Release Library">
				<Option output="3d" imp_lib="lib3d.a" def_file="lib3d.def" prefix_auto="1" extension_auto="1" />
				<Option object_output="obj/Release-Library" />
				<Option type="3" />
				<Option compiler="gcc" />
				<Option createDefFile="1" />
				<Option createStaticLib="1" />
				<Compiler>
					<Add option="-O3" />
					<Add option="`sdl2-config --cflags` `pkg-config libavcodec libavformat libavutil libswscale MagickWand --cflags`" />
				</Compiler>
				<Linker>
					<Add option="`pkg-config libavcodec libavformat libavutil libswscale MagickWand --libs` `sdl2-config --libs`" />
					<Add library="aa" />
					<Add library="caca" />
					<Add library="vga" />
					<Add library="vgagl" />
				</Linker>
			</Target>
			<Target title="Library Test">
				<Option output="bin/Library-Test/lib3d" prefix_auto="1" extension_auto="1" />
				<Option object_output="obj/Library-Test/" />
				<Option external_deps="lib3d.so;" />
				<Option type="1" />
				<Option compiler="gcc" />
				<Compiler>
					<Add option="-O3" />
				</Compiler>
				<Linker>
					<Add option="-s" />
					<Add library="./lib3d.so" />
				</Linker>
			</Target>
			<Target title="Profile">
				<Option output="bin/Profile/lib3d" prefix_auto="1" extension_auto="1" />
				<Option object_output="obj/Profile/" />
				<Option type="1" />
				<Option compiler="gcc" />
				<Option parameters="test_objects/P51/P51_Mustang.obj" />
				<Compiler>
					<Add option="-O3" />
					<Add option="-pg" />
					<Add option="-g" />
					<Add option="`sdl2-config --cflags` `pkg-config libavcodec libavformat libavutil libswscale MagickWand --cflags`" />
				</Compiler>
				<Linker>
					<Add option="-pg" />
					<Add option="`pkg-config libavcodec libavformat libavutil libswscale MagickWand --libs` `sdl2-config --libs`" />
					<Add library="aa" />
					<Add library="caca" />
					<Add library="vga" />
					<Add library="vgagl" />
					<Add library="profiler" />
				</Linker>
			</Target>
		</Build>
		<VirtualTargets>
			<Add alias="Everything" targets="Debug;Release;Release Library;Library Test;Profile;" />
		</VirtualTargets>
		<Compiler>
			<Add option="-Wall" />
			<Add option="-std=c++11" />
			<Add option="-march=native -fexceptions -mfpmath=sse -funsafe-math-optimizations" />
			<Add option="--param inline-unit-growth=200" />
		</Compiler>
		<Unit filename="bsp_tree.h" />
		<Unit filename="cacarenderer.cpp">
			<Option target="Debug" />
			<Option target="Release" />
			<Option target="Release Library" />
			<Option target="Profile" />
		</Unit>
		<Unit filename="cacarenderer.h">
			<Option target="Debug" />
			<Option target="Release" />
			<Option target="Release Library" />
			<Option target="Profile" />
		</Unit>
		<Unit filename="ffmpeg_renderer.cpp">
			<Option target="Debug" />
			<Option target="Release" />
			<Option target="Release Library" />
			<Option target="Profile" />
		</Unit>
		<Unit filename="ffmpeg_renderer.h" />
		<Unit filename="generate.h" />
		<Unit filename="image.cpp">
			<Option target="Debug" />
			<Option target="Release" />
			<Option target="Release Library" />
			<Option target="Profile" />
		</Unit>
		<Unit filename="image.h" />
		<Unit filename="image_load_internal.cpp">
			<Option target="Debug" />
			<Option target="Release" />
			<Option target="Release Library" />
			<Option target="Profile" />
		</Unit>
		<Unit filename="image_load_internal.h">
			<Option target="Debug" />
			<Option target="Release" />
			<Option target="Release Library" />
			<Option target="Profile" />
		</Unit>
		<Unit filename="libaarenderer.cpp">
			<Option target="Debug" />
			<Option target="Release" />
			<Option target="Release Library" />
			<Option target="Profile" />
		</Unit>
		<Unit filename="libaarenderer.h">
			<Option target="Debug" />
			<Option target="Release" />
			<Option target="Release Library" />
			<Option target="Profile" />
		</Unit>
		<Unit filename="main.cpp">
			<Option target="Debug" />
			<Option target="Release" />
			<Option target="Library Test" />
			<Option target="Profile" />
		</Unit>
		<Unit filename="material.h" />
		<Unit filename="matrix.h" />
		<Unit filename="mesh.h" />
		<Unit filename="model.cpp">
			<Option target="Debug" />
			<Option target="Release" />
			<Option target="Release Library" />
			<Option target="Profile" />
		</Unit>
		<Unit filename="model.h" />
		<Unit filename="rawrenderer.cpp">
			<Option target="Debug" />
			<Option target="Release" />
			<Option target="Release Library" />
			<Option target="Profile" />
		</Unit>
		<Unit filename="rawrenderer.h" />
		<Unit filename="render.cpp">
			<Option target="Debug" />
			<Option target="Release" />
			<Option target="Release Library" />
			<Option target="Profile" />
		</Unit>
		<Unit filename="renderer.h" />
		<Unit filename="softrender.cpp">
			<Option target="Debug" />
			<Option target="Release" />
			<Option target="Release Library" />
			<Option target="Profile" />
		</Unit>
		<Unit filename="softrender.h" />
		<Unit filename="svgarenderer.cpp">
			<Option target="Debug" />
			<Option target="Release" />
			<Option target="Release Library" />
			<Option target="Profile" />
		</Unit>
		<Unit filename="svgarenderer.h">
			<Option target="Debug" />
			<Option target="Release" />
			<Option target="Release Library" />
			<Option target="Profile" />
		</Unit>
		<Unit filename="triangle.h" />
		<Unit filename="vector.h" />
		<Extensions>
			<code_completion />
			<envvars />
			<debugger />
			<lib_finder disable_auto="1" />
		</Extensions>
	</Project>
</CodeBlocks_project_file>
